
Microsoft Visual Studio Solution File, Format Version 12.00
# Visual Studio Version 17
VisualStudioVersion = 17.7.34031.279
MinimumVisualStudioVersion = 10.0.40219.1
Project("{9A19103F-16F7-4668-BE54-9A1E7A4F7556}") = "Test_Class", "Test_Class\Test_Class.csproj", "{3048F13D-19CC-4AE7-B4E2-E1CF468240F4}"
EndProject
Project("{FAE04EC0-301F-11D3-BF4B-00C04F79EFBC}") = "StopWatch", "StopWatch\StopWatch.csproj", "{736BD5A1-F1F1-4BF1-AFF5-42C709E39A23}"
EndProject
Project("{FAE04EC0-301F-11D3-BF4B-00C04F79EFBC}") = "StackOverflowPost", "StackOverflowPost\StackOverflowPost.csproj", "{9E9C0DD6-14F9-4F56-B4C0-9A5DCF2FC35B}"
EndProject
Project("{FAE04EC0-301F-11D3-BF4B-00C04F79EFBC}") = "Stack", "Stack\Stack.csproj", "{71C76DA5-EE01-450C-878D-93891EA71BC9}"
EndProject
Project("{FAE04EC0-301F-11D3-BF4B-00C04F79EFBC}") = "DBConnection", "DBConnection\DBConnection.csproj", "{444B7703-DE91-48FE-AE90-EFCD7A5D01D1}"
EndProject
Project("{FAE04EC0-301F-11D3-BF4B-00C04F79EFBC}") = "DBCommand", "DBCommand\DBCommand.csproj", "{52C686D2-94BD-4788-812F-A166E7576954}"
EndProject
Project("{FAE04EC0-301F-11D3-BF4B-00C04F79EFBC}") = "WorkflowEngine", "WorkflowEngine\WorkflowEngine.csproj", "{FC5BB6EE-0345-4ECD-AB3F-6A6A315D44A0}"
EndProject
Global
	GlobalSection(SolutionConfigurationPlatforms) = preSolution
		Debug|Any CPU = Debug|Any CPU
		Release|Any CPU = Release|Any CPU
	EndGlobalSection
	GlobalSection(ProjectConfigurationPlatforms) = postSolution
		{3048F13D-19CC-4AE7-B4E2-E1CF468240F4}.Debug|Any CPU.ActiveCfg = Debug|Any CPU
		{3048F13D-19CC-4AE7-B4E2-E1CF468240F4}.Debug|Any CPU.Build.0 = Debug|Any CPU
		{3048F13D-19CC-4AE7-B4E2-E1CF468240F4}.Release|Any CPU.ActiveCfg = Release|Any CPU
		{3048F13D-19CC-4AE7-B4E2-E1CF468240F4}.Release|Any CPU.Build.0 = Release|Any CPU
		{736BD5A1-F1F1-4BF1-AFF5-42C709E39A23}.Debug|Any CPU.ActiveCfg = Debug|Any CPU
		{736BD5A1-F1F1-4BF1-AFF5-42C709E39A23}.Debug|Any CPU.Build.0 = Debug|Any CPU
		{736BD5A1-F1F1-4BF1-AFF5-42C709E39A23}.Release|Any CPU.ActiveCfg = Release|Any CPU
		{736BD5A1-F1F1-4BF1-AFF5-42C709E39A23}.Release|Any CPU.Build.0 = Release|Any CPU
		{9E9C0DD6-14F9-4F56-B4C0-9A5DCF2FC35B}.Debug|Any CPU.ActiveCfg = Debug|Any CPU
		{9E9C0DD6-14F9-4F56-B4C0-9A5DCF2FC35B}.Debug|Any CPU.Build.0 = Debug|Any CPU
		{9E9C0DD6-14F9-4F56-B4C0-9A5DCF2FC35B}.Release|Any CPU.ActiveCfg = Release|Any CPU
		{9E9C0DD6-14F9-4F56-B4C0-9A5DCF2FC35B}.Release|Any CPU.Build.0 = Release|Any CPU
		{71C76DA5-EE01-450C-878D-93891EA71BC9}.Debug|Any CPU.ActiveCfg = Debug|Any CPU
		{71C76DA5-EE01-450C-878D-93891EA71BC9}.Debug|Any CPU.Build.0 = Debug|Any CPU
		{71C76DA5-EE01-450C-878D-93891EA71BC9}.Release|Any CPU.ActiveCfg = Release|Any CPU
		{71C76DA5-EE01-450C-878D-93891EA71BC9}.Release|Any CPU.Build.0 = Release|Any CPU
		{444B7703-DE91-48FE-AE90-EFCD7A5D01D1}.Debug|Any CPU.ActiveCfg = Debug|Any CPU
		{444B7703-DE91-48FE-AE90-EFCD7A5D01D1}.Debug|Any CPU.Build.0 = Debug|Any CPU
		{444B7703-DE91-48FE-AE90-EFCD7A5D01D1}.Release|Any CPU.ActiveCfg = Release|Any CPU
		{444B7703-DE91-48FE-AE90-EFCD7A5D01D1}.Release|Any CPU.Build.0 = Release|Any CPU
		{52C686D2-94BD-4788-812F-A166E7576954}.Debug|Any CPU.ActiveCfg = Debug|Any CPU
		{52C686D2-94BD-4788-812F-A166E7576954}.Debug|Any CPU.Build.0 = Debug|Any CPU
		{52C686D2-94BD-4788-812F-A166E7576954}.Release|Any CPU.ActiveCfg = Release|Any CPU
		{52C686D2-94BD-4788-812F-A166E7576954}.Release|Any CPU.Build.0 = Release|Any CPU
		{FC5BB6EE-0345-4ECD-AB3F-6A6A315D44A0}.Debug|Any CPU.ActiveCfg = Debug|Any CPU
		{FC5BB6EE-0345-4ECD-AB3F-6A6A315D44A0}.Debug|Any CPU.Build.0 = Debug|Any CPU
		{FC5BB6EE-0345-4ECD-AB3F-6A6A315D44A0}.Release|Any CPU.ActiveCfg = Release|Any CPU
		{FC5BB6EE-0345-4ECD-AB3F-6A6A315D44A0}.Release|Any CPU.Build.0 = Release|Any CPU
	EndGlobalSection
	GlobalSection(SolutionProperties) = preSolution
		HideSolutionNode = FALSE
	EndGlobalSection
	GlobalSection(ExtensibilityGlobals) = postSolution
		SolutionGuid = {9DE9965B-323C-4CCE-AAEA-1CC915AC17E2}
	EndGlobalSection
EndGlobal
